
Microsoft Visual Studio Solution File, Format Version 12.00
# Visual Studio 14
VisualStudioVersion = 14.0.25420.1
MinimumVisualStudioVersion = 10.0.40219.1
Project("{FAE04EC0-301F-11D3-BF4B-00C04F79EFBC}") = "Lib2", "Lib2\Lib2.csproj", "{C778FCE8-C57C-41BB-9D13-91FC8BD5138F}"
EndProject
Project("{FAE04EC0-301F-11D3-BF4B-00C04F79EFBC}") = "UnitTestProject1", "UnitTestProject1\UnitTestProject1.csproj", "{391E82CA-E09D-42D5-B7B2-2E2FB8C4966A}"
EndProject
Global
	GlobalSection(SolutionConfigurationPlatforms) = preSolution
		Debug|Any CPU = Debug|Any CPU
		Release|Any CPU = Release|Any CPU
	EndGlobalSection
	GlobalSection(ProjectConfigurationPlatforms) = postSolution
		{C778FCE8-C57C-41BB-9D13-91FC8BD5138F}.Debug|Any CPU.ActiveCfg = Debug|Any CPU
		{C778FCE8-C57C-41BB-9D13-91FC8BD5138F}.Debug|Any CPU.Build.0 = Debug|Any CPU
		{C778FCE8-C57C-41BB-9D13-91FC8BD5138F}.Release|Any CPU.ActiveCfg = Release|Any CPU
		{C778FCE8-C57C-41BB-9D13-91FC8BD5138F}.Release|Any CPU.Build.0 = Release|Any CPU
		{391E82CA-E09D-42D5-B7B2-2E2FB8C4966A}.Debug|Any CPU.ActiveCfg = Debug|Any CPU
		{391E82CA-E09D-42D5-B7B2-2E2FB8C4966A}.Debug|Any CPU.Build.0 = Debug|Any CPU
		{391E82CA-E09D-42D5-B7B2-2E2FB8C4966A}.Release|Any CPU.ActiveCfg = Release|Any CPU
		{391E82CA-E09D-42D5-B7B2-2E2FB8C4966A}.Release|Any CPU.Build.0 = Release|Any CPU
	EndGlobalSection
	GlobalSection(SolutionProperties) = preSolution
		HideSolutionNode = FALSE
	EndGlobalSection
EndGlobal
